
Microsoft Visual Studio Solution File, Format Version 12.00
# Visual Studio Version 17
VisualStudioVersion = 17.2.32526.322
MinimumVisualStudioVersion = 10.0.40219.1
Project("{FAE04EC0-301F-11D3-BF4B-00C04F79EFBC}") = "APP", "APP.csproj", "{2714957A-6B8B-48BF-862D-4F775A652D29}"
EndProject
Global
	GlobalSection(SolutionConfigurationPlatforms) = preSolution
		Debug|Any CPU = Debug|Any CPU
		Release|Any CPU = Release|Any CPU
	EndGlobalSection
	GlobalSection(ProjectConfigurationPlatforms) = postSolution
		{2714957A-6B8B-48BF-862D-4F775A652D29}.Debug|Any CPU.ActiveCfg = Debug|Any CPU
		{2714957A-6B8B-48BF-862D-4F775A652D29}.Debug|Any CPU.Build.0 = Debug|Any CPU
		{2714957A-6B8B-48BF-862D-4F775A652D29}.Release|Any CPU.ActiveCfg = Release|Any CPU
		{2714957A-6B8B-48BF-862D-4F775A652D29}.Release|Any CPU.Build.0 = Release|Any CPU
	EndGlobalSection
	GlobalSection(SolutionProperties) = preSolution
		HideSolutionNode = FALSE
	EndGlobalSection
	GlobalSection(ExtensibilityGlobals) = postSolution
		SolutionGuid = {DFDD1373-3AC5-4FC8-9B3B-B0EA49D3A157}
	EndGlobalSection
EndGlobal
